
Microsoft Visual Studio Solution File, Format Version 12.00
# Visual Studio 15
VisualStudioVersion = 15.0.28010.2026
MinimumVisualStudioVersion = 10.0.40219.1
Project("{FAE04EC0-301F-11D3-BF4B-00C04F79EFBC}") = "RestfulApiNOS", "RestfulApiNOS\RestfulApiNOS.csproj", "{C163449F-B680-46D5-8F8E-3FFBE6A99302}"
EndProject
Global
	GlobalSection(SolutionConfigurationPlatforms) = preSolution
		Debug|Any CPU = Debug|Any CPU
		Release|Any CPU = Release|Any CPU
	EndGlobalSection
	GlobalSection(ProjectConfigurationPlatforms) = postSolution
		{C163449F-B680-46D5-8F8E-3FFBE6A99302}.Debug|Any CPU.ActiveCfg = Debug|Any CPU
		{C163449F-B680-46D5-8F8E-3FFBE6A99302}.Debug|Any CPU.Build.0 = Debug|Any CPU
		{C163449F-B680-46D5-8F8E-3FFBE6A99302}.Release|Any CPU.ActiveCfg = Release|Any CPU
		{C163449F-B680-46D5-8F8E-3FFBE6A99302}.Release|Any CPU.Build.0 = Release|Any CPU
	EndGlobalSection
	GlobalSection(SolutionProperties) = preSolution
		HideSolutionNode = FALSE
	EndGlobalSection
	GlobalSection(ExtensibilityGlobals) = postSolution
		SolutionGuid = {34964A9A-BCF7-42E3-A11A-BA00B78D2899}
	EndGlobalSection
EndGlobal
